// !$*UTF8*$!
{
	archiveVersion = 1;
	classes = {
	};
	objectVersion = 77;
	objects = {

/* Begin PBXContainerItemProxy section */
		3569EC522E3738A3002B4B1E /* PBXContainerItemProxy */ = {
			isa = PBXContainerItemProxy;
			containerPortal = 3569EC392E37389F002B4B1E /* Project object */;
			proxyType = 1;
			remoteGlobalIDString = 3569EC402E37389F002B4B1E;
			remoteInfo = "Squeezy Zoo";
		};
		3569EC5C2E3738A3002B4B1E /* PBXContainerItemProxy */ = {
			isa = PBXContainerItemProxy;
			containerPortal = 3569EC392E37389F002B4B1E /* Project object */;
			proxyType = 1;
			remoteGlobalIDString = 3569EC402E37389F002B4B1E;
			remoteInfo = "Squeezy Zoo";
		};
/* End PBXContainerItemProxy section */

/* Begin PBXFileReference section */
		3569EC412E37389F002B4B1E /* Squeezy Zoo.app */ = {isa = PBXFileReference; explicitFileType = wrapper.application; includeInIndex = 0; path = "Squeezy Zoo.app"; sourceTree = BUILT_PRODUCTS_DIR; };
		3569EC512E3738A3002B4B1E /* Squeezy ZooTests.xctest */ = {isa = PBXFileReference; explicitFileType = wrapper.cfbundle; includeInIndex = 0; path = "Squeezy ZooTests.xctest"; sourceTree = BUILT_PRODUCTS_DIR; };
		3569EC5B2E3738A3002B4B1E /* Squeezy ZooUITests.xctest */ = {isa = PBXFileReference; explicitFileType = wrapper.cfbundle; includeInIndex = 0; path = "Squeezy ZooUITests.xctest"; sourceTree = BUILT_PRODUCTS_DIR; };
/* End PBXFileReference section */

/* Begin PBXFileSystemSynchronizedRootGroup section */
		3569EC432E37389F002B4B1E /* Squeezy Zoo */ = {
			isa = PBXFileSystemSynchronizedRootGroup;
			path = "Squeezy Zoo";
			sourceTree = "<group>";
		};
		3569EC542E3738A3002B4B1E /* Squeezy ZooTests */ = {
			isa = PBXFileSystemSynchronizedRootGroup;
			path = "Squeezy ZooTests";
			sourceTree = "<group>";
		};
		3569EC5E2E3738A3002B4B1E /* Squeezy ZooUITests */ = {
			isa = PBXFileSystemSynchronizedRootGroup;
			path = "Squeezy ZooUITests";
			sourceTree = "<group>";
		};
/* End PBXFileSystemSynchronizedRootGroup section */

/* Begin PBXFrameworksBuildPhase section */
		3569EC3E2E37389F002B4B1E /* Frameworks */ = {
			isa = PBXFrameworksBuildPhase;
			buildActionMask = 2147483647;
			files = (
			);
			runOnlyForDeploymentPostprocessing = 0;
		};
		3569EC4E2E3738A3002B4B1E /* Frameworks */ = {
			isa = PBXFrameworksBuildPhase;
			buildActionMask = 2147483647;
			files = (
			);
			runOnlyForDeploymentPostprocessing = 0;
		};
		3569EC582E3738A3002B4B1E /* Frameworks */ = {
			isa = PBXFrameworksBuildPhase;
			buildActionMask = 2147483647;
			files = (
			);
			runOnlyForDeploymentPostprocessing = 0;
		};
/* End PBXFrameworksBuildPhase section */

/* Begin PBXGroup section */
		3569EC382E37389F002B4B1E = {
			isa = PBXGroup;
			children = (
				3569EC432E37389F002B4B1E /* Squeezy Zoo */,
				3569EC542E3738A3002B4B1E /* Squeezy ZooTests */,
				3569EC5E2E3738A3002B4B1E /* Squeezy ZooUITests */,
				3569EC422E37389F002B4B1E /* Products */,
			);
			sourceTree = "<group>";
		};
		3569EC422E37389F002B4B1E /* Products */ = {
			isa = PBXGroup;
			children = (
				3569EC412E37389F002B4B1E /* Squeezy Zoo.app */,
				3569EC512E3738A3002B4B1E /* Squeezy ZooTests.xctest */,
				3569EC5B2E3738A3002B4B1E /* Squeezy ZooUITests.xctest */,
			);
			name = Products;
			sourceTree = "<group>";
		};
/* End PBXGroup section */

/* Begin PBXNativeTarget section */
		3569EC402E37389F002B4B1E /* Squeezy Zoo */ = {
			isa = PBXNativeTarget;
			buildConfigurationList = 3569EC652E3738A3002B4B1E /* Build configuration list for PBXNativeTarget "Squeezy Zoo" */;
			buildPhases = (
				3569EC3D2E37389F002B4B1E /* Sources */,
				3569EC3E2E37389F002B4B1E /* Frameworks */,
				3569EC3F2E37389F002B4B1E /* Resources */,
			);
			buildRules = (
			);
			dependencies = (
			);
			fileSystemSynchronizedGroups = (
				3569EC432E37389F002B4B1E /* Squeezy Zoo */,
			);
			name = "Squeezy Zoo";
			packageProductDependencies = (
			);
			productName = "Squeezy Zoo";
			productReference = 3569EC412E37389F002B4B1E /* Squeezy Zoo.app */;
			productType = "com.apple.product-type.application";
		};
		3569EC502E3738A3002B4B1E /* Squeezy ZooTests */ = {
			isa = PBXNativeTarget;
			buildConfigurationList = 3569EC682E3738A3002B4B1E /* Build configuration list for PBXNativeTarget "Squeezy ZooTests" */;
			buildPhases = (
				3569EC4D2E3738A3002B4B1E /* Sources */,
				3569EC4E2E3738A3002B4B1E /* Frameworks */,
				3569EC4F2E3738A3002B4B1E /* Resources */,
			);
			buildRules = (
			);
			dependencies = (
				3569EC532E3738A3002B4B1E /* PBXTargetDependency */,
			);
			fileSystemSynchronizedGroups = (
				3569EC542E3738A3002B4B1E /* Squeezy ZooTests */,
			);
			name = "Squeezy ZooTests";
			packageProductDependencies = (
			);
			productName = "Squeezy ZooTests";
			productReference = 3569EC512E3738A3002B4B1E /* Squeezy ZooTests.xctest */;
			productType = "com.apple.product-type.bundle.unit-test";
		};
		3569EC5A2E3738A3002B4B1E /* Squeezy ZooUITests */ = {
			isa = PBXNativeTarget;
			buildConfigurationList = 3569EC6B2E3738A3002B4B1E /* Build configuration list for PBXNativeTarget "Squeezy ZooUITests" */;
			buildPhases = (
				3569EC572E3738A3002B4B1E /* Sources */,
				3569EC582E3738A3002B4B1E /* Frameworks */,
				3569EC592E3738A3002B4B1E /* Resources */,
			);
			buildRules = (
			);
			dependencies = (
				3569EC5D2E3738A3002B4B1E /* PBXTargetDependency */,
			);
			fileSystemSynchronizedGroups = (
				3569EC5E2E3738A3002B4B1E /* Squeezy ZooUITests */,
			);
			name = "Squeezy ZooUITests";
			packageProductDependencies = (
			);
			productName = "Squeezy ZooUITests";
			productReference = 3569EC5B2E3738A3002B4B1E /* Squeezy ZooUITests.xctest */;
			productType = "com.apple.product-type.bundle.ui-testing";
		};
/* End PBXNativeTarget section */

/* Begin PBXProject section */
		3569EC392E37389F002B4B1E /* Project object */ = {
			isa = PBXProject;
			attributes = {
				BuildIndependentTargetsInParallel = 1;
				LastSwiftUpdateCheck = 1620;
				LastUpgradeCheck = 1620;
				TargetAttributes = {
					3569EC402E37389F002B4B1E = {
						CreatedOnToolsVersion = 16.2;
					};
					3569EC502E3738A3002B4B1E = {
						CreatedOnToolsVersion = 16.2;
						TestTargetID = 3569EC402E37389F002B4B1E;
					};
					3569EC5A2E3738A3002B4B1E = {
						CreatedOnToolsVersion = 16.2;
						TestTargetID = 3569EC402E37389F002B4B1E;
					};
				};
			};
			buildConfigurationList = 3569EC3C2E37389F002B4B1E /* Build configuration list for PBXProject "Squeezy Zoo" */;
			developmentRegion = en;
			hasScannedForEncodings = 0;
			knownRegions = (
				en,
				Base,
			);
			mainGroup = 3569EC382E37389F002B4B1E;
			minimizedProjectReferenceProxies = 1;
			preferredProjectObjectVersion = 77;
			productRefGroup = 3569EC422E37389F002B4B1E /* Products */;
			projectDirPath = "";
			projectRoot = "";
			targets = (
				3569EC402E37389F002B4B1E /* Squeezy Zoo */,
				3569EC502E3738A3002B4B1E /* Squeezy ZooTests */,
				3569EC5A2E3738A3002B4B1E /* Squeezy ZooUITests */,
			);
		};
/* End PBXProject section */

/* Begin PBXResourcesBuildPhase section */
		3569EC3F2E37389F002B4B1E /* Resources */ = {
			isa = PBXResourcesBuildPhase;
			buildActionMask = 2147483647;
			files = (
			);
			runOnlyForDeploymentPostprocessing = 0;
		};
		3569EC4F2E3738A3002B4B1E /* Resources */ = {
			isa = PBXResourcesBuildPhase;
			buildActionMask = 2147483647;
			files = (
			);
			runOnlyForDeploymentPostprocessing = 0;
		};
		3569EC592E3738A3002B4B1E /* Resources */ = {
			isa = PBXResourcesBuildPhase;
			buildActionMask = 2147483647;
			files = (
			);
			runOnlyForDeploymentPostprocessing = 0;
		};
/* End PBXResourcesBuildPhase section */

/* Begin PBXSourcesBuildPhase section */
		3569EC3D2E37389F002B4B1E /* Sources */ = {
			isa = PBXSourcesBuildPhase;
			buildActionMask = 2147483647;
			files = (
			);
			runOnlyForDeploymentPostprocessing = 0;
		};
		3569EC4D2E3738A3002B4B1E /* Sources */ = {
			isa = PBXSourcesBuildPhase;
			buildActionMask = 2147483647;
			files = (
			);
			runOnlyForDeploymentPostprocessing = 0;
		};
		3569EC572E3738A3002B4B1E /* Sources */ = {
			isa = PBXSourcesBuildPhase;
			buildActionMask = 2147483647;
			files = (
			);
			runOnlyForDeploymentPostprocessing = 0;
		};
/* End PBXSourcesBuildPhase section */

/* Begin PBXTargetDependency section */
		3569EC532E3738A3002B4B1E /* PBXTargetDependency */ = {
			isa = PBXTargetDependency;
			target = 3569EC402E37389F002B4B1E /* Squeezy Zoo */;
			targetProxy = 3569EC522E3738A3002B4B1E /* PBXContainerItemProxy */;
		};
		3569EC5D2E3738A3002B4B1E /* PBXTargetDependency */ = {
			isa = PBXTargetDependency;
			target = 3569EC402E37389F002B4B1E /* Squeezy Zoo */;
			targetProxy = 3569EC5C2E3738A3002B4B1E /* PBXContainerItemProxy */;
		};
/* End PBXTargetDependency section */

/* Begin XCBuildConfiguration section */
		3569EC632E3738A3002B4B1E /* Debug */ = {
			isa = XCBuildConfiguration;
			buildSettings = {
				ALWAYS_SEARCH_USER_PATHS = NO;
				ASSETCATALOG_COMPILER_GENERATE_SWIFT_ASSET_SYMBOL_EXTENSIONS = YES;
				CLANG_ANALYZER_NONNULL = YES;
				CLANG_ANALYZER_NUMBER_OBJECT_CONVERSION = YES_AGGRESSIVE;
				CLANG_CXX_LANGUAGE_STANDARD = "gnu++20";
				CLANG_ENABLE_MODULES = YES;
				CLANG_ENABLE_OBJC_ARC = YES;
				CLANG_ENABLE_OBJC_WEAK = YES;
				CLANG_WARN_BLOCK_CAPTURE_AUTORELEASING = YES;
				CLANG_WARN_BOOL_CONVERSION = YES;
				CLANG_WARN_COMMA = YES;
				CLANG_WARN_CONSTANT_CONVERSION = YES;
				CLANG_WARN_DEPRECATED_OBJC_IMPLEMENTATIONS = YES;
				CLANG_WARN_DIRECT_OBJC_ISA_USAGE = YES_ERROR;
				CLANG_WARN_DOCUMENTATION_COMMENTS = YES;
				CLANG_WARN_EMPTY_BODY = YES;
				CLANG_WARN_ENUM_CONVERSION = YES;
				CLANG_WARN_INFINITE_RECURSION = YES;
				CLANG_WARN_INT_CONVERSION = YES;
				CLANG_WARN_NON_LITERAL_NULL_CONVERSION = YES;
				CLANG_WARN_OBJC_IMPLICIT_RETAIN_SELF = YES;
				CLANG_WARN_OBJC_LITERAL_CONVERSION = YES;
				CLANG_WARN_OBJC_ROOT_CLASS = YES_ERROR;
				CLANG_WARN_QUOTED_INCLUDE_IN_FRAMEWORK_HEADER = YES;
				CLANG_WARN_RANGE_LOOP_ANALYSIS = YES;
				CLANG_WARN_STRICT_PROTOTYPES = YES;
				CLANG_WARN_SUSPICIOUS_MOVE = YES;
				CLANG_WARN_UNGUARDED_AVAILABILITY = YES_AGGRESSIVE;
				CLANG_WARN_UNREACHABLE_CODE = YES;
				CLANG_WARN__DUPLICATE_METHOD_MATCH = YES;
				COPY_PHASE_STRIP = NO;
				DEBUG_INFORMATION_FORMAT = dwarf;
				ENABLE_STRICT_OBJC_MSGSEND = YES;
				ENABLE_TESTABILITY = YES;
				ENABLE_USER_SCRIPT_SANDBOXING = YES;
				GCC_C_LANGUAGE_STANDARD = gnu17;
				GCC_DYNAMIC_NO_PIC = NO;
				GCC_NO_COMMON_BLOCKS = YES;
				GCC_OPTIMIZATION_LEVEL = 0;
				GCC_PREPROCESSOR_DEFINITIONS = (
					"DEBUG=1",
					"$(inherited)",
				);
				GCC_WARN_64_TO_32_BIT_CONVERSION = YES;
				GCC_WARN_ABOUT_RETURN_TYPE = YES_ERROR;
				GCC_WARN_UNDECLARED_SELECTOR = YES;
				GCC_WARN_UNINITIALIZED_AUTOS = YES_AGGRESSIVE;
				GCC_WARN_UNUSED_FUNCTION = YES;
				GCC_WARN_UNUSED_VARIABLE = YES;
				IPHONEOS_DEPLOYMENT_TARGET = 18.2;
				LOCALIZATION_PREFERS_STRING_CATALOGS = YES;
				MTL_ENABLE_DEBUG_INFO = INCLUDE_SOURCE;
				MTL_FAST_MATH = YES;
				ONLY_ACTIVE_ARCH = YES;
				SDKROOT = iphoneos;
				SWIFT_ACTIVE_COMPILATION_CONDITIONS = "DEBUG $(inherited)";
				SWIFT_OPTIMIZATION_LEVEL = "-Onone";
			};
			name = Debug;
		};
		3569EC642E3738A3002B4B1E /* Release */ = {
			isa = XCBuildConfiguration;
			buildSettings = {
				ALWAYS_SEARCH_USER_PATHS = NO;
				ASSETCATALOG_COMPILER_GENERATE_SWIFT_ASSET_SYMBOL_EXTENSIONS = YES;
				CLANG_ANALYZER_NONNULL = YES;
				CLANG_ANALYZER_NUMBER_OBJECT_CONVERSION = YES_AGGRESSIVE;
				CLANG_CXX_LANGUAGE_STANDARD = "gnu++20";
				CLANG_ENABLE_MODULES = YES;
				CLANG_ENABLE_OBJC_ARC = YES;
				CLANG_ENABLE_OBJC_WEAK = YES;
				CLANG_WARN_BLOCK_CAPTURE_AUTORELEASING = YES;
				CLANG_WARN_BOOL_CONVERSION = YES;
				CLANG_WARN_COMMA = YES;
				CLANG_WARN_CONSTANT_CONVERSION = YES;
				CLANG_WARN_DEPRECATED_OBJC_IMPLEMENTATIONS = YES;
				CLANG_WARN_DIRECT_OBJC_ISA_USAGE = YES_ERROR;
				CLANG_WARN_DOCUMENTATION_COMMENTS = YES;
				CLANG_WARN_EMPTY_BODY = YES;
				CLANG_WARN_ENUM_CONVERSION = YES;
				CLANG_WARN_INFINITE_RECURSION = YES;
				CLANG_WARN_INT_CONVERSION = YES;
				CLANG_WARN_NON_LITERAL_NULL_CONVERSION = YES;
				CLANG_WARN_OBJC_IMPLICIT_RETAIN_SELF = YES;
				CLANG_WARN_OBJC_LITERAL_CONVERSION = YES;
				CLANG_WARN_OBJC_ROOT_CLASS = YES_ERROR;
				CLANG_WARN_QUOTED_INCLUDE_IN_FRAMEWORK_HEADER = YES;
				CLANG_WARN_RANGE_LOOP_ANALYSIS = YES;
				CLANG_WARN_STRICT_PROTOTYPES = YES;
				CLANG_WARN_SUSPICIOUS_MOVE = YES;
				CLANG_WARN_UNGUARDED_AVAILABILITY = YES_AGGRESSIVE;
				CLANG_WARN_UNREACHABLE_CODE = YES;
				CLANG_WARN__DUPLICATE_METHOD_MATCH = YES;
				COPY_PHASE_STRIP = NO;
				DEBUG_INFORMATION_FORMAT = "dwarf-with-dsym";
				ENABLE_NS_ASSERTIONS = NO;
				ENABLE_STRICT_OBJC_MSGSEND = YES;
				ENABLE_USER_SCRIPT_SANDBOXING = YES;
				GCC_C_LANGUAGE_STANDARD = gnu17;
				GCC_NO_COMMON_BLOCKS = YES;
				GCC_WARN_64_TO_32_BIT_CONVERSION = YES;
				GCC_WARN_ABOUT_RETURN_TYPE = YES_ERROR;
				GCC_WARN_UNDECLARED_SELECTOR = YES;
				GCC_WARN_UNINITIALIZED_AUTOS = YES_AGGRESSIVE;
				GCC_WARN_UNUSED_FUNCTION = YES;
				GCC_WARN_UNUSED_VARIABLE = YES;
				IPHONEOS_DEPLOYMENT_TARGET = 18.2;
				LOCALIZATION_PREFERS_STRING_CATALOGS = YES;
				MTL_ENABLE_DEBUG_INFO = NO;
				MTL_FAST_MATH = YES;
				SDKROOT = iphoneos;
				SWIFT_COMPILATION_MODE = wholemodule;
				VALIDATE_PRODUCT = YES;
			};
			name = Release;
		};
		3569EC662E3738A3002B4B1E /* Debug */ = {
			isa = XCBuildConfiguration;
			buildSettings = {
				ASSETCATALOG_COMPILER_APPICON_NAME = AppIcon;
				ASSETCATALOG_COMPILER_GLOBAL_ACCENT_COLOR_NAME = AccentColor;
				CODE_SIGN_STYLE = Automatic;
				CURRENT_PROJECT_VERSION = 1;
				DEVELOPMENT_ASSET_PATHS = "\"Squeezy Zoo/Preview Content\"";
				ENABLE_PREVIEWS = YES;
				GENERATE_INFOPLIST_FILE = YES;
				INFOPLIST_KEY_UIApplicationSceneManifest_Generation = YES;
				INFOPLIST_KEY_UIApplicationSupportsIndirectInputEvents = YES;
				INFOPLIST_KEY_UILaunchScreen_Generation = YES;
				INFOPLIST_KEY_UISupportedInterfaceOrientations_iPad = "UIInterfaceOrientationPortrait UIInterfaceOrientationPortraitUpsideDown UIInterfaceOrientationLandscapeLeft UIInterfaceOrientationLandscapeRight";
				INFOPLIST_KEY_UISupportedInterfaceOrientations_iPhone = "UIInterfaceOrientationPortrait UIInterfaceOrientationLandscapeLeft UIInterfaceOrientationLandscapeRight";
				LD_RUNPATH_SEARCH_PATHS = (
					"$(inherited)",
					"@executable_path/Frameworks",
				);
				MARKETING_VERSION = 1.0;
				PRODUCT_BUNDLE_IDENTIFIER = "HYC.Squeezy-Zoo";
				PRODUCT_NAME = "$(TARGET_NAME)";
				SWIFT_EMIT_LOC_STRINGS = YES;
				SWIFT_VERSION = 5.0;
				TARGETED_DEVICE_FAMILY = "1,2";
			};
			name = Debug;
		};
		3569EC672E3738A3002B4B1E /* Release */ = {
			isa = XCBuildConfiguration;
			buildSettings = {
				ASSETCATALOG_COMPILER_APPICON_NAME = AppIcon;
				ASSETCATALOG_COMPILER_GLOBAL_ACCENT_COLOR_NAME = AccentColor;
				CODE_SIGN_STYLE = Automatic;
				CURRENT_PROJECT_VERSION = 1;
				DEVELOPMENT_ASSET_PATHS = "\"Squeezy Zoo/Preview Content\"";
				ENABLE_PREVIEWS = YES;
				GENERATE_INFOPLIST_FILE = YES;
				INFOPLIST_KEY_UIApplicationSceneManifest_Generation = YES;
				INFOPLIST_KEY_UIApplicationSupportsIndirectInputEvents = YES;
				INFOPLIST_KEY_UILaunchScreen_Generation = YES;
				INFOPLIST_KEY_UISupportedInterfaceOrientations_iPad = "UIInterfaceOrientationPortrait UIInterfaceOrientationPortraitUpsideDown UIInterfaceOrientationLandscapeLeft UIInterfaceOrientationLandscapeRight";
				INFOPLIST_KEY_UISupportedInterfaceOrientations_iPhone = "UIInterfaceOrientationPortrait UIInterfaceOrientationLandscapeLeft UIInterfaceOrientationLandscapeRight";
				LD_RUNPATH_SEARCH_PATHS = (
					"$(inherited)",
					"@executable_path/Frameworks",
				);
				MARKETING_VERSION = 1.0;
				PRODUCT_BUNDLE_IDENTIFIER = "HYC.Squeezy-Zoo";
				PRODUCT_NAME = "$(TARGET_NAME)";
				SWIFT_EMIT_LOC_STRINGS = YES;
				SWIFT_VERSION = 5.0;
				TARGETED_DEVICE_FAMILY = "1,2";
			};
			name = Release;
		};
		3569EC692E3738A3002B4B1E /* Debug */ = {
			isa = XCBuildConfiguration;
			buildSettings = {
				BUNDLE_LOADER = "$(TEST_HOST)";
				CODE_SIGN_STYLE = Automatic;
				CURRENT_PROJECT_VERSION = 1;
				GENERATE_INFOPLIST_FILE = YES;
				IPHONEOS_DEPLOYMENT_TARGET = 18.2;
				MARKETING_VERSION = 1.0;
				PRODUCT_BUNDLE_IDENTIFIER = "HYC.Squeezy-ZooTests";
				PRODUCT_NAME = "$(TARGET_NAME)";
				SWIFT_EMIT_LOC_STRINGS = NO;
				SWIFT_VERSION = 5.0;
				TARGETED_DEVICE_FAMILY = "1,2";
				TEST_HOST = "$(BUILT_PRODUCTS_DIR)/Squeezy Zoo.app/$(BUNDLE_EXECUTABLE_FOLDER_PATH)/Squeezy Zoo";
			};
			name = Debug;
		};
		3569EC6A2E3738A3002B4B1E /* Release */ = {
			isa = XCBuildConfiguration;
			buildSettings = {
				BUNDLE_LOADER = "$(TEST_HOST)";
				CODE_SIGN_STYLE = Automatic;
				CURRENT_PROJECT_VERSION = 1;
				GENERATE_INFOPLIST_FILE = YES;
				IPHONEOS_DEPLOYMENT_TARGET = 18.2;
				MARKETING_VERSION = 1.0;
				PRODUCT_BUNDLE_IDENTIFIER = "HYC.Squeezy-ZooTests";
				PRODUCT_NAME = "$(TARGET_NAME)";
				SWIFT_EMIT_LOC_STRINGS = NO;
				SWIFT_VERSION = 5.0;
				TARGETED_DEVICE_FAMILY = "1,2";
				TEST_HOST = "$(BUILT_PRODUCTS_DIR)/Squeezy Zoo.app/$(BUNDLE_EXECUTABLE_FOLDER_PATH)/Squeezy Zoo";
			};
			name = Release;
		};
		3569EC6C2E3738A3002B4B1E /* Debug */ = {
			isa = XCBuildConfiguration;
			buildSettings = {
				CODE_SIGN_STYLE = Automatic;
				CURRENT_PROJECT_VERSION = 1;
				GENERATE_INFOPLIST_FILE = YES;
				MARKETING_VERSION = 1.0;
				PRODUCT_BUNDLE_IDENTIFIER = "HYC.Squeezy-ZooUITests";
				PRODUCT_NAME = "$(TARGET_NAME)";
				SWIFT_EMIT_LOC_STRINGS = NO;
				SWIFT_VERSION = 5.0;
				TARGETED_DEVICE_FAMILY = "1,2";
				TEST_TARGET_NAME = "Squeezy Zoo";
			};
			name = Debug;
		};
		3569EC6D2E3738A3002B4B1E /* Release */ = {
			isa = XCBuildConfiguration;
			buildSettings = {
				CODE_SIGN_STYLE = Automatic;
				CURRENT_PROJECT_VERSION = 1;
				GENERATE_INFOPLIST_FILE = YES;
				MARKETING_VERSION = 1.0;
				PRODUCT_BUNDLE_IDENTIFIER = "HYC.Squeezy-ZooUITests";
				PRODUCT_NAME = "$(TARGET_NAME)";
				SWIFT_EMIT_LOC_STRINGS = NO;
				SWIFT_VERSION = 5.0;
				TARGETED_DEVICE_FAMILY = "1,2";
				TEST_TARGET_NAME = "Squeezy Zoo";
			};
			name = Release;
		};
/* End XCBuildConfiguration section */

/* Begin XCConfigurationList section */
		3569EC3C2E37389F002B4B1E /* Build configuration list for PBXProject "Squeezy Zoo" */ = {
			isa = XCConfigurationList;
			buildConfigurations = (
				3569EC632E3738A3002B4B1E /* Debug */,
				3569EC642E3738A3002B4B1E /* Release */,
			);
			defaultConfigurationIsVisible = 0;
			defaultConfigurationName = Release;
		};
		3569EC652E3738A3002B4B1E /* Build configuration list for PBXNativeTarget "Squeezy Zoo" */ = {
			isa = XCConfigurationList;
			buildConfigurations = (
				3569EC662E3738A3002B4B1E /* Debug */,
				3569EC672E3738A3002B4B1E /* Release */,
			);
			defaultConfigurationIsVisible = 0;
			defaultConfigurationName = Release;
		};
		3569EC682E3738A3002B4B1E /* Build configuration list for PBXNativeTarget "Squeezy ZooTests" */ = {
			isa = XCConfigurationList;
			buildConfigurations = (
				3569EC692E3738A3002B4B1E /* Debug */,
				3569EC6A2E3738A3002B4B1E /* Release */,
			);
			defaultConfigurationIsVisible = 0;
			defaultConfigurationName = Release;
		};
		3569EC6B2E3738A3002B4B1E /* Build configuration list for PBXNativeTarget "Squeezy ZooUITests" */ = {
			isa = XCConfigurationList;
			buildConfigurations = (
				3569EC6C2E3738A3002B4B1E /* Debug */,
				3569EC6D2E3738A3002B4B1E /* Release */,
			);
			defaultConfigurationIsVisible = 0;
			defaultConfigurationName = Release;
		};
/* End XCConfigurationList section */
	};
	rootObject = 3569EC392E37389F002B4B1E /* Project object */;
}
